
Microsoft Visual Studio Solution File, Format Version 12.00
# Visual Studio 15
VisualStudioVersion = 15.0.26124.0
MinimumVisualStudioVersion = 15.0.26124.0
Project("{2150E333-8FDC-42A3-9474-1A3956D46DE8}") = "src", "src", "{A0CA00BF-891D-4375-A599-09E1C29F49E8}"
EndProject
Project("{2150E333-8FDC-42A3-9474-1A3956D46DE8}") = "recipes", "recipes", "{53B42EC6-BE9E-4235-A63B-5A15FC13EFB5}"
EndProject
Project("{FAE04EC0-301F-11D3-BF4B-00C04F79EFBC}") = "LazyCook-Recipe-Contract", "src\recipes\contract\LazyCook-Recipe-Contract.csproj", "{1A8FF0D0-EDA9-4AD3-9EEB-DD49DE527C94}"
EndProject
Project("{FAE04EC0-301F-11D3-BF4B-00C04F79EFBC}") = "LazyCook-Recipe-Database", "src\recipes\database\LazyCook-Recipe-Database.csproj", "{80C2812C-F848-4798-AC99-8071C14782C0}"
EndProject
Project("{2150E333-8FDC-42A3-9474-1A3956D46DE8}") = "test", "test", "{5271F8A9-EBC8-427C-A110-26AC02D3A1DF}"
EndProject
Project("{2150E333-8FDC-42A3-9474-1A3956D46DE8}") = "recipes", "recipes", "{9D9517BB-CD53-4D95-A02B-2F0AB89870BF}"
EndProject
Project("{FAE04EC0-301F-11D3-BF4B-00C04F79EFBC}") = "LazyCook-Recipe-ContractTest", "test\recipes\contract-test\LazyCook-Recipe-ContractTest.csproj", "{88A1F448-0CC1-45B0-9BFD-7F2FD968F4AE}"
EndProject
Project("{FAE04EC0-301F-11D3-BF4B-00C04F79EFBC}") = "LazyCook-Recipe-DatabaseTest", "test\recipes\database-test\LazyCook-Recipe-DatabaseTest.csproj", "{3CAA0449-419D-409B-87BC-664CFFD88285}"
EndProject
Project("{FAE04EC0-301F-11D3-BF4B-00C04F79EFBC}") = "LazyCook-WebAssemblyTest", "test\webassembly-test\LazyCook-WebAssemblyTest.csproj", "{A61523DB-3835-4B9F-A520-98A106CFF43B}"
EndProject
Global
	GlobalSection(SolutionConfigurationPlatforms) = preSolution
		Debug|Any CPU = Debug|Any CPU
		Debug|x64 = Debug|x64
		Debug|x86 = Debug|x86
		Release|Any CPU = Release|Any CPU
		Release|x64 = Release|x64
		Release|x86 = Release|x86
	EndGlobalSection
	GlobalSection(SolutionProperties) = preSolution
		HideSolutionNode = FALSE
	EndGlobalSection
	GlobalSection(ProjectConfigurationPlatforms) = postSolution
		{1A8FF0D0-EDA9-4AD3-9EEB-DD49DE527C94}.Debug|Any CPU.ActiveCfg = Debug|Any CPU
		{1A8FF0D0-EDA9-4AD3-9EEB-DD49DE527C94}.Debug|Any CPU.Build.0 = Debug|Any CPU
		{1A8FF0D0-EDA9-4AD3-9EEB-DD49DE527C94}.Debug|x64.ActiveCfg = Debug|Any CPU
		{1A8FF0D0-EDA9-4AD3-9EEB-DD49DE527C94}.Debug|x64.Build.0 = Debug|Any CPU
		{1A8FF0D0-EDA9-4AD3-9EEB-DD49DE527C94}.Debug|x86.ActiveCfg = Debug|Any CPU
		{1A8FF0D0-EDA9-4AD3-9EEB-DD49DE527C94}.Debug|x86.Build.0 = Debug|Any CPU
		{1A8FF0D0-EDA9-4AD3-9EEB-DD49DE527C94}.Release|Any CPU.ActiveCfg = Release|Any CPU
		{1A8FF0D0-EDA9-4AD3-9EEB-DD49DE527C94}.Release|Any CPU.Build.0 = Release|Any CPU
		{1A8FF0D0-EDA9-4AD3-9EEB-DD49DE527C94}.Release|x64.ActiveCfg = Release|Any CPU
		{1A8FF0D0-EDA9-4AD3-9EEB-DD49DE527C94}.Release|x64.Build.0 = Release|Any CPU
		{1A8FF0D0-EDA9-4AD3-9EEB-DD49DE527C94}.Release|x86.ActiveCfg = Release|Any CPU
		{1A8FF0D0-EDA9-4AD3-9EEB-DD49DE527C94}.Release|x86.Build.0 = Release|Any CPU
		{80C2812C-F848-4798-AC99-8071C14782C0}.Debug|Any CPU.ActiveCfg = Debug|Any CPU
		{80C2812C-F848-4798-AC99-8071C14782C0}.Debug|Any CPU.Build.0 = Debug|Any CPU
		{80C2812C-F848-4798-AC99-8071C14782C0}.Debug|x64.ActiveCfg = Debug|Any CPU
		{80C2812C-F848-4798-AC99-8071C14782C0}.Debug|x64.Build.0 = Debug|Any CPU
		{80C2812C-F848-4798-AC99-8071C14782C0}.Debug|x86.ActiveCfg = Debug|Any CPU
		{80C2812C-F848-4798-AC99-8071C14782C0}.Debug|x86.Build.0 = Debug|Any CPU
		{80C2812C-F848-4798-AC99-8071C14782C0}.Release|Any CPU.ActiveCfg = Release|Any CPU
		{80C2812C-F848-4798-AC99-8071C14782C0}.Release|Any CPU.Build.0 = Release|Any CPU
		{80C2812C-F848-4798-AC99-8071C14782C0}.Release|x64.ActiveCfg = Release|Any CPU
		{80C2812C-F848-4798-AC99-8071C14782C0}.Release|x64.Build.0 = Release|Any CPU
		{80C2812C-F848-4798-AC99-8071C14782C0}.Release|x86.ActiveCfg = Release|Any CPU
		{80C2812C-F848-4798-AC99-8071C14782C0}.Release|x86.Build.0 = Release|Any CPU
		{88A1F448-0CC1-45B0-9BFD-7F2FD968F4AE}.Debug|Any CPU.ActiveCfg = Debug|Any CPU
		{88A1F448-0CC1-45B0-9BFD-7F2FD968F4AE}.Debug|Any CPU.Build.0 = Debug|Any CPU
		{88A1F448-0CC1-45B0-9BFD-7F2FD968F4AE}.Debug|x64.ActiveCfg = Debug|Any CPU
		{88A1F448-0CC1-45B0-9BFD-7F2FD968F4AE}.Debug|x64.Build.0 = Debug|Any CPU
		{88A1F448-0CC1-45B0-9BFD-7F2FD968F4AE}.Debug|x86.ActiveCfg = Debug|Any CPU
		{88A1F448-0CC1-45B0-9BFD-7F2FD968F4AE}.Debug|x86.Build.0 = Debug|Any CPU
		{88A1F448-0CC1-45B0-9BFD-7F2FD968F4AE}.Release|Any CPU.ActiveCfg = Release|Any CPU
		{88A1F448-0CC1-45B0-9BFD-7F2FD968F4AE}.Release|Any CPU.Build.0 = Release|Any CPU
		{88A1F448-0CC1-45B0-9BFD-7F2FD968F4AE}.Release|x64.ActiveCfg = Release|Any CPU
		{88A1F448-0CC1-45B0-9BFD-7F2FD968F4AE}.Release|x64.Build.0 = Release|Any CPU
		{88A1F448-0CC1-45B0-9BFD-7F2FD968F4AE}.Release|x86.ActiveCfg = Release|Any CPU
		{88A1F448-0CC1-45B0-9BFD-7F2FD968F4AE}.Release|x86.Build.0 = Release|Any CPU
		{3CAA0449-419D-409B-87BC-664CFFD88285}.Debug|Any CPU.ActiveCfg = Debug|Any CPU
		{3CAA0449-419D-409B-87BC-664CFFD88285}.Debug|Any CPU.Build.0 = Debug|Any CPU
		{3CAA0449-419D-409B-87BC-664CFFD88285}.Debug|x64.ActiveCfg = Debug|Any CPU
		{3CAA0449-419D-409B-87BC-664CFFD88285}.Debug|x64.Build.0 = Debug|Any CPU
		{3CAA0449-419D-409B-87BC-664CFFD88285}.Debug|x86.ActiveCfg = Debug|Any CPU
		{3CAA0449-419D-409B-87BC-664CFFD88285}.Debug|x86.Build.0 = Debug|Any CPU
		{3CAA0449-419D-409B-87BC-664CFFD88285}.Release|Any CPU.ActiveCfg = Release|Any CPU
		{3CAA0449-419D-409B-87BC-664CFFD88285}.Release|Any CPU.Build.0 = Release|Any CPU
		{3CAA0449-419D-409B-87BC-664CFFD88285}.Release|x64.ActiveCfg = Release|Any CPU
		{3CAA0449-419D-409B-87BC-664CFFD88285}.Release|x64.Build.0 = Release|Any CPU
		{3CAA0449-419D-409B-87BC-664CFFD88285}.Release|x86.ActiveCfg = Release|Any CPU
		{3CAA0449-419D-409B-87BC-664CFFD88285}.Release|x86.Build.0 = Release|Any CPU
		{A61523DB-3835-4B9F-A520-98A106CFF43B}.Debug|Any CPU.ActiveCfg = Debug|Any CPU
		{A61523DB-3835-4B9F-A520-98A106CFF43B}.Debug|Any CPU.Build.0 = Debug|Any CPU
		{A61523DB-3835-4B9F-A520-98A106CFF43B}.Debug|x64.ActiveCfg = Debug|Any CPU
		{A61523DB-3835-4B9F-A520-98A106CFF43B}.Debug|x64.Build.0 = Debug|Any CPU
		{A61523DB-3835-4B9F-A520-98A106CFF43B}.Debug|x86.ActiveCfg = Debug|Any CPU
		{A61523DB-3835-4B9F-A520-98A106CFF43B}.Debug|x86.Build.0 = Debug|Any CPU
		{A61523DB-3835-4B9F-A520-98A106CFF43B}.Release|Any CPU.ActiveCfg = Release|Any CPU
		{A61523DB-3835-4B9F-A520-98A106CFF43B}.Release|Any CPU.Build.0 = Release|Any CPU
		{A61523DB-3835-4B9F-A520-98A106CFF43B}.Release|x64.ActiveCfg = Release|Any CPU
		{A61523DB-3835-4B9F-A520-98A106CFF43B}.Release|x64.Build.0 = Release|Any CPU
		{A61523DB-3835-4B9F-A520-98A106CFF43B}.Release|x86.ActiveCfg = Release|Any CPU
		{A61523DB-3835-4B9F-A520-98A106CFF43B}.Release|x86.Build.0 = Release|Any CPU
	EndGlobalSection
	GlobalSection(NestedProjects) = preSolution
		{53B42EC6-BE9E-4235-A63B-5A15FC13EFB5} = {A0CA00BF-891D-4375-A599-09E1C29F49E8}
		{1A8FF0D0-EDA9-4AD3-9EEB-DD49DE527C94} = {53B42EC6-BE9E-4235-A63B-5A15FC13EFB5}
		{80C2812C-F848-4798-AC99-8071C14782C0} = {53B42EC6-BE9E-4235-A63B-5A15FC13EFB5}
		{9D9517BB-CD53-4D95-A02B-2F0AB89870BF} = {5271F8A9-EBC8-427C-A110-26AC02D3A1DF}
		{88A1F448-0CC1-45B0-9BFD-7F2FD968F4AE} = {9D9517BB-CD53-4D95-A02B-2F0AB89870BF}
		{3CAA0449-419D-409B-87BC-664CFFD88285} = {9D9517BB-CD53-4D95-A02B-2F0AB89870BF}
		{A61523DB-3835-4B9F-A520-98A106CFF43B} = {5271F8A9-EBC8-427C-A110-26AC02D3A1DF}
	EndGlobalSection
EndGlobal
